
Microsoft Visual Studio Solution File, Format Version 12.00
# Visual Studio Version 16
VisualStudioVersion = 16.0.30114.105
MinimumVisualStudioVersion = 10.0.40219.1
Project("{2150E333-8FDC-42A3-9474-1A3956D46DE8}") = "src", "src", "{7CE97387-9293-4BAC-8604-BB0A7B42F18E}"
EndProject
Project("{2150E333-8FDC-42A3-9474-1A3956D46DE8}") = "Persentation", "Persentation", "{84496F96-C9F7-41A5-A652-3AFA266BBA13}"
EndProject
Project("{FAE04EC0-301F-11D3-BF4B-00C04F79EFBC}") = "VA.Identity.API", "src\Persentation\VA.Identity.API\VA.Identity.API.csproj", "{DF3E84AF-10AC-414F-BA89-AF57693983B4}"
EndProject
Project("{2150E333-8FDC-42A3-9474-1A3956D46DE8}") = "Application", "Application", "{9A98B1D6-170D-49F5-8180-B51AED17151F}"
EndProject
Project("{FAE04EC0-301F-11D3-BF4B-00C04F79EFBC}") = "VA.Identity.Application", "src\Application\VA.Identity.Application\VA.Identity.Application.csproj", "{C13D4C26-A69C-4DC1-9025-3D7309115CAA}"
EndProject
Project("{2150E333-8FDC-42A3-9474-1A3956D46DE8}") = "Domain", "Domain", "{BC927540-E585-4379-AE52-8D8565F2C464}"
EndProject
Project("{FAE04EC0-301F-11D3-BF4B-00C04F79EFBC}") = "VA.Identity.Domain", "src\Domain\VA.Identity.Domain\VA.Identity.Domain.csproj", "{9E1FDFBF-21DE-4D0E-BABA-ECB0A22419F1}"
EndProject
Project("{2150E333-8FDC-42A3-9474-1A3956D46DE8}") = "Infrastructure", "Infrastructure", "{2B37B446-67BC-44D1-AF68-E5150ED2A54C}"
EndProject
Project("{FAE04EC0-301F-11D3-BF4B-00C04F79EFBC}") = "VA.Identity.Infrastructure", "src\Infrastructure\VA.Identity.Infrastructure\VA.Identity.Infrastructure.csproj", "{16849167-4800-4BDB-9487-1C641DEAE88A}"
EndProject
Global
	GlobalSection(SolutionConfigurationPlatforms) = preSolution
		Debug|Any CPU = Debug|Any CPU
		Debug|x64 = Debug|x64
		Debug|x86 = Debug|x86
		Release|Any CPU = Release|Any CPU
		Release|x64 = Release|x64
		Release|x86 = Release|x86
	EndGlobalSection
	GlobalSection(SolutionProperties) = preSolution
		HideSolutionNode = FALSE
	EndGlobalSection
	GlobalSection(ProjectConfigurationPlatforms) = postSolution
		{DF3E84AF-10AC-414F-BA89-AF57693983B4}.Debug|Any CPU.ActiveCfg = Debug|Any CPU
		{DF3E84AF-10AC-414F-BA89-AF57693983B4}.Debug|Any CPU.Build.0 = Debug|Any CPU
		{DF3E84AF-10AC-414F-BA89-AF57693983B4}.Debug|x64.ActiveCfg = Debug|Any CPU
		{DF3E84AF-10AC-414F-BA89-AF57693983B4}.Debug|x64.Build.0 = Debug|Any CPU
		{DF3E84AF-10AC-414F-BA89-AF57693983B4}.Debug|x86.ActiveCfg = Debug|Any CPU
		{DF3E84AF-10AC-414F-BA89-AF57693983B4}.Debug|x86.Build.0 = Debug|Any CPU
		{DF3E84AF-10AC-414F-BA89-AF57693983B4}.Release|Any CPU.ActiveCfg = Release|Any CPU
		{DF3E84AF-10AC-414F-BA89-AF57693983B4}.Release|Any CPU.Build.0 = Release|Any CPU
		{DF3E84AF-10AC-414F-BA89-AF57693983B4}.Release|x64.ActiveCfg = Release|Any CPU
		{DF3E84AF-10AC-414F-BA89-AF57693983B4}.Release|x64.Build.0 = Release|Any CPU
		{DF3E84AF-10AC-414F-BA89-AF57693983B4}.Release|x86.ActiveCfg = Release|Any CPU
		{DF3E84AF-10AC-414F-BA89-AF57693983B4}.Release|x86.Build.0 = Release|Any CPU
		{C13D4C26-A69C-4DC1-9025-3D7309115CAA}.Debug|Any CPU.ActiveCfg = Debug|Any CPU
		{C13D4C26-A69C-4DC1-9025-3D7309115CAA}.Debug|Any CPU.Build.0 = Debug|Any CPU
		{C13D4C26-A69C-4DC1-9025-3D7309115CAA}.Debug|x64.ActiveCfg = Debug|Any CPU
		{C13D4C26-A69C-4DC1-9025-3D7309115CAA}.Debug|x64.Build.0 = Debug|Any CPU
		{C13D4C26-A69C-4DC1-9025-3D7309115CAA}.Debug|x86.ActiveCfg = Debug|Any CPU
		{C13D4C26-A69C-4DC1-9025-3D7309115CAA}.Debug|x86.Build.0 = Debug|Any CPU
		{C13D4C26-A69C-4DC1-9025-3D7309115CAA}.Release|Any CPU.ActiveCfg = Release|Any CPU
		{C13D4C26-A69C-4DC1-9025-3D7309115CAA}.Release|Any CPU.Build.0 = Release|Any CPU
		{C13D4C26-A69C-4DC1-9025-3D7309115CAA}.Release|x64.ActiveCfg = Release|Any CPU
		{C13D4C26-A69C-4DC1-9025-3D7309115CAA}.Release|x64.Build.0 = Release|Any CPU
		{C13D4C26-A69C-4DC1-9025-3D7309115CAA}.Release|x86.ActiveCfg = Release|Any CPU
		{C13D4C26-A69C-4DC1-9025-3D7309115CAA}.Release|x86.Build.0 = Release|Any CPU
		{9E1FDFBF-21DE-4D0E-BABA-ECB0A22419F1}.Debug|Any CPU.ActiveCfg = Debug|Any CPU
		{9E1FDFBF-21DE-4D0E-BABA-ECB0A22419F1}.Debug|Any CPU.Build.0 = Debug|Any CPU
		{9E1FDFBF-21DE-4D0E-BABA-ECB0A22419F1}.Debug|x64.ActiveCfg = Debug|Any CPU
		{9E1FDFBF-21DE-4D0E-BABA-ECB0A22419F1}.Debug|x64.Build.0 = Debug|Any CPU
		{9E1FDFBF-21DE-4D0E-BABA-ECB0A22419F1}.Debug|x86.ActiveCfg = Debug|Any CPU
		{9E1FDFBF-21DE-4D0E-BABA-ECB0A22419F1}.Debug|x86.Build.0 = Debug|Any CPU
		{9E1FDFBF-21DE-4D0E-BABA-ECB0A22419F1}.Release|Any CPU.ActiveCfg = Release|Any CPU
		{9E1FDFBF-21DE-4D0E-BABA-ECB0A22419F1}.Release|Any CPU.Build.0 = Release|Any CPU
		{9E1FDFBF-21DE-4D0E-BABA-ECB0A22419F1}.Release|x64.ActiveCfg = Release|Any CPU
		{9E1FDFBF-21DE-4D0E-BABA-ECB0A22419F1}.Release|x64.Build.0 = Release|Any CPU
		{9E1FDFBF-21DE-4D0E-BABA-ECB0A22419F1}.Release|x86.ActiveCfg = Release|Any CPU
		{9E1FDFBF-21DE-4D0E-BABA-ECB0A22419F1}.Release|x86.Build.0 = Release|Any CPU
		{16849167-4800-4BDB-9487-1C641DEAE88A}.Debug|Any CPU.ActiveCfg = Debug|Any CPU
		{16849167-4800-4BDB-9487-1C641DEAE88A}.Debug|Any CPU.Build.0 = Debug|Any CPU
		{16849167-4800-4BDB-9487-1C641DEAE88A}.Debug|x64.ActiveCfg = Debug|Any CPU
		{16849167-4800-4BDB-9487-1C641DEAE88A}.Debug|x64.Build.0 = Debug|Any CPU
		{16849167-4800-4BDB-9487-1C641DEAE88A}.Debug|x86.ActiveCfg = Debug|Any CPU
		{16849167-4800-4BDB-9487-1C641DEAE88A}.Debug|x86.Build.0 = Debug|Any CPU
		{16849167-4800-4BDB-9487-1C641DEAE88A}.Release|Any CPU.ActiveCfg = Release|Any CPU
		{16849167-4800-4BDB-9487-1C641DEAE88A}.Release|Any CPU.Build.0 = Release|Any CPU
		{16849167-4800-4BDB-9487-1C641DEAE88A}.Release|x64.ActiveCfg = Release|Any CPU
		{16849167-4800-4BDB-9487-1C641DEAE88A}.Release|x64.Build.0 = Release|Any CPU
		{16849167-4800-4BDB-9487-1C641DEAE88A}.Release|x86.ActiveCfg = Release|Any CPU
		{16849167-4800-4BDB-9487-1C641DEAE88A}.Release|x86.Build.0 = Release|Any CPU
	EndGlobalSection
	GlobalSection(NestedProjects) = preSolution
		{84496F96-C9F7-41A5-A652-3AFA266BBA13} = {7CE97387-9293-4BAC-8604-BB0A7B42F18E}
		{DF3E84AF-10AC-414F-BA89-AF57693983B4} = {84496F96-C9F7-41A5-A652-3AFA266BBA13}
		{9A98B1D6-170D-49F5-8180-B51AED17151F} = {7CE97387-9293-4BAC-8604-BB0A7B42F18E}
		{C13D4C26-A69C-4DC1-9025-3D7309115CAA} = {9A98B1D6-170D-49F5-8180-B51AED17151F}
		{BC927540-E585-4379-AE52-8D8565F2C464} = {7CE97387-9293-4BAC-8604-BB0A7B42F18E}
		{9E1FDFBF-21DE-4D0E-BABA-ECB0A22419F1} = {BC927540-E585-4379-AE52-8D8565F2C464}
		{2B37B446-67BC-44D1-AF68-E5150ED2A54C} = {7CE97387-9293-4BAC-8604-BB0A7B42F18E}
		{16849167-4800-4BDB-9487-1C641DEAE88A} = {2B37B446-67BC-44D1-AF68-E5150ED2A54C}
	EndGlobalSection
EndGlobal
